
Microsoft Visual Studio Solution File, Format Version 12.00
# Visual Studio Version 17
VisualStudioVersion = 17.4.33213.308
MinimumVisualStudioVersion = 10.0.40219.1
Project("{FAE04EC0-301F-11D3-BF4B-00C04F79EFBC}") = "GESAMM", "GESAMM\GESAMM.csproj", "{F94C6FE3-C6DC-416C-A9F4-F5A307826A46}"
EndProject
Global
	GlobalSection(SolutionConfigurationPlatforms) = preSolution
		Debug|Any CPU = Debug|Any CPU
		Release|Any CPU = Release|Any CPU
	EndGlobalSection
	GlobalSection(ProjectConfigurationPlatforms) = postSolution
		{F94C6FE3-C6DC-416C-A9F4-F5A307826A46}.Debug|Any CPU.ActiveCfg = Debug|Any CPU
		{F94C6FE3-C6DC-416C-A9F4-F5A307826A46}.Debug|Any CPU.Build.0 = Debug|Any CPU
		{F94C6FE3-C6DC-416C-A9F4-F5A307826A46}.Release|Any CPU.ActiveCfg = Release|Any CPU
		{F94C6FE3-C6DC-416C-A9F4-F5A307826A46}.Release|Any CPU.Build.0 = Release|Any CPU
	EndGlobalSection
	GlobalSection(SolutionProperties) = preSolution
		HideSolutionNode = FALSE
	EndGlobalSection
	GlobalSection(ExtensibilityGlobals) = postSolution
		SolutionGuid = {263ACFE8-DAB3-4740-8FF1-F8C6F9577A35}
	EndGlobalSection
EndGlobal
